
Microsoft Visual Studio Solution File, Format Version 12.00
# Visual Studio Version 17
VisualStudioVersion = 17.1.32421.90
MinimumVisualStudioVersion = 10.0.40219.1
Project("{FAE04EC0-301F-11D3-BF4B-00C04F79EFBC}") = "TelegramBot", "TelegramBot.csproj", "{8243936D-768C-481F-B888-0C2812D7D410}"
EndProject
Global
	GlobalSection(SolutionConfigurationPlatforms) = preSolution
		Debug|Any CPU = Debug|Any CPU
		Release|Any CPU = Release|Any CPU
	EndGlobalSection
	GlobalSection(ProjectConfigurationPlatforms) = postSolution
		{8243936D-768C-481F-B888-0C2812D7D410}.Debug|Any CPU.ActiveCfg = Debug|Any CPU
		{8243936D-768C-481F-B888-0C2812D7D410}.Debug|Any CPU.Build.0 = Debug|Any CPU
		{8243936D-768C-481F-B888-0C2812D7D410}.Release|Any CPU.ActiveCfg = Release|Any CPU
		{8243936D-768C-481F-B888-0C2812D7D410}.Release|Any CPU.Build.0 = Release|Any CPU
	EndGlobalSection
	GlobalSection(SolutionProperties) = preSolution
		HideSolutionNode = FALSE
	EndGlobalSection
	GlobalSection(ExtensibilityGlobals) = postSolution
		SolutionGuid = {3705A37E-50A2-4594-BD23-22570EC077E1}
	EndGlobalSection
EndGlobal
